
Microsoft Visual Studio Solution File, Format Version 12.00
# Visual Studio Version 17
VisualStudioVersion = 17.2.32630.192
MinimumVisualStudioVersion = 10.0.40219.1
Project("{FAE04EC0-301F-11D3-BF4B-00C04F79EFBC}") = "SubModuleAppModule", "SubModuleAppModule\SubModuleAppModule.csproj", "{D1C71978-DF5F-4ED7-836C-CF0614A06E56}"
EndProject
Global
	GlobalSection(SolutionConfigurationPlatforms) = preSolution
		Debug|Any CPU = Debug|Any CPU
		Release|Any CPU = Release|Any CPU
	EndGlobalSection
	GlobalSection(ProjectConfigurationPlatforms) = postSolution
		{D1C71978-DF5F-4ED7-836C-CF0614A06E56}.Debug|Any CPU.ActiveCfg = Debug|Any CPU
		{D1C71978-DF5F-4ED7-836C-CF0614A06E56}.Debug|Any CPU.Build.0 = Debug|Any CPU
		{D1C71978-DF5F-4ED7-836C-CF0614A06E56}.Release|Any CPU.ActiveCfg = Release|Any CPU
		{D1C71978-DF5F-4ED7-836C-CF0614A06E56}.Release|Any CPU.Build.0 = Release|Any CPU
	EndGlobalSection
	GlobalSection(SolutionProperties) = preSolution
		HideSolutionNode = FALSE
	EndGlobalSection
	GlobalSection(ExtensibilityGlobals) = postSolution
		SolutionGuid = {E65AACF0-4B38-4067-8AF4-BC11E7393743}
	EndGlobalSection
EndGlobal
